
Microsoft Visual Studio Solution File, Format Version 12.00
# Visual Studio Version 16
VisualStudioVersion = 16.0.30413.136
MinimumVisualStudioVersion = 10.0.40219.1
Project("{888888A0-9F3D-457C-B088-3A5042F75D52}") = "TkinterKliment", "..\..\source\repos\TkinterKliment\TkinterKliment.pyproj", "{EFDFFDA6-021D-4CF0-B35A-5897BC0EC2FE}"
EndProject
Global
	GlobalSection(SolutionConfigurationPlatforms) = preSolution
		Debug|Any CPU = Debug|Any CPU
		Release|Any CPU = Release|Any CPU
	EndGlobalSection
	GlobalSection(ProjectConfigurationPlatforms) = postSolution
		{EFDFFDA6-021D-4CF0-B35A-5897BC0EC2FE}.Debug|Any CPU.ActiveCfg = Debug|Any CPU
		{EFDFFDA6-021D-4CF0-B35A-5897BC0EC2FE}.Release|Any CPU.ActiveCfg = Release|Any CPU
	EndGlobalSection
	GlobalSection(SolutionProperties) = preSolution
		HideSolutionNode = FALSE
	EndGlobalSection
	GlobalSection(ExtensibilityGlobals) = postSolution
		SolutionGuid = {FC586D86-36B0-429A-A11E-3E3F432AECE6}
	EndGlobalSection
EndGlobal
